
Microsoft Visual Studio Solution File, Format Version 12.00
# Visual Studio Version 17
VisualStudioVersion = 17.11.35327.3
MinimumVisualStudioVersion = 10.0.40219.1
Project("{FAE04EC0-301F-11D3-BF4B-00C04F79EFBC}") = "APEC.WSPublicos.API", "APEC.WSPublicos.API\APEC.WSPublicos.API.csproj", "{F1A0D0D1-6511-4211-A56A-FDD4338B0920}"
EndProject
Project("{FAE04EC0-301F-11D3-BF4B-00C04F79EFBC}") = "APEC.WSPublicos.Aplicacion", "APEC.WSPublicos.Aplicacion\APEC.WSPublicos.Aplicacion.csproj", "{90958241-00F8-4FF4-9B44-FF2BDC84BBCA}"
EndProject
Project("{FAE04EC0-301F-11D3-BF4B-00C04F79EFBC}") = "APEC.WSPublicos.Infrastructura", "APEC.WSPublicos.Infrastructura\APEC.WSPublicos.Infrastructura.csproj", "{84C957F6-2F95-428D-BE39-AB325DE1A989}"
EndProject
Global
	GlobalSection(SolutionConfigurationPlatforms) = preSolution
		Debug|Any CPU = Debug|Any CPU
		Release|Any CPU = Release|Any CPU
	EndGlobalSection
	GlobalSection(ProjectConfigurationPlatforms) = postSolution
		{F1A0D0D1-6511-4211-A56A-FDD4338B0920}.Debug|Any CPU.ActiveCfg = Debug|Any CPU
		{F1A0D0D1-6511-4211-A56A-FDD4338B0920}.Debug|Any CPU.Build.0 = Debug|Any CPU
		{F1A0D0D1-6511-4211-A56A-FDD4338B0920}.Release|Any CPU.ActiveCfg = Release|Any CPU
		{F1A0D0D1-6511-4211-A56A-FDD4338B0920}.Release|Any CPU.Build.0 = Release|Any CPU
		{90958241-00F8-4FF4-9B44-FF2BDC84BBCA}.Debug|Any CPU.ActiveCfg = Debug|Any CPU
		{90958241-00F8-4FF4-9B44-FF2BDC84BBCA}.Debug|Any CPU.Build.0 = Debug|Any CPU
		{90958241-00F8-4FF4-9B44-FF2BDC84BBCA}.Release|Any CPU.ActiveCfg = Release|Any CPU
		{90958241-00F8-4FF4-9B44-FF2BDC84BBCA}.Release|Any CPU.Build.0 = Release|Any CPU
		{84C957F6-2F95-428D-BE39-AB325DE1A989}.Debug|Any CPU.ActiveCfg = Debug|Any CPU
		{84C957F6-2F95-428D-BE39-AB325DE1A989}.Debug|Any CPU.Build.0 = Debug|Any CPU
		{84C957F6-2F95-428D-BE39-AB325DE1A989}.Release|Any CPU.ActiveCfg = Release|Any CPU
		{84C957F6-2F95-428D-BE39-AB325DE1A989}.Release|Any CPU.Build.0 = Release|Any CPU
	EndGlobalSection
	GlobalSection(SolutionProperties) = preSolution
		HideSolutionNode = FALSE
	EndGlobalSection
	GlobalSection(ExtensibilityGlobals) = postSolution
		SolutionGuid = {DE5EC7CE-D80E-4307-B79F-23BC13DA8992}
	EndGlobalSection
EndGlobal
